// !$*UTF8*$!
{
	archiveVersion = 1;
	classes = {
	};
	objectVersion = 77;
	objects = {

/* Begin PBXBuildFile section */
		EB68F20C2E161FDA008A83B0 /* RepAIWatch Watch App.app in Embed Watch Content */ = {isa = PBXBuildFile; fileRef = EB68F2022E161FDA008A83B0 /* RepAIWatch Watch App.app */; settings = {ATTRIBUTES = (RemoveHeadersOnCopy, ); }; };
		EB68F21B2E162503008A83B0 /* SharedSessionManager.swift in Sources */ = {isa = PBXBuildFile; fileRef = EB68F21A2E162503008A83B0 /* SharedSessionManager.swift */; };
		EB68F21C2E162503008A83B0 /* SharedSessionManager.swift in Sources */ = {isa = PBXBuildFile; fileRef = EB68F21A2E162503008A83B0 /* SharedSessionManager.swift */; };
		EB68F2322E1C610C008A83B0 /* convnet_model.mlpackage in Sources */ = {isa = PBXBuildFile; fileRef = EB68F2312E1C610C008A83B0 /* convnet_model.mlpackage */; };
		EB68F2342E1C6120008A83B0 /* lstm_core_model.mlpackage in Sources */ = {isa = PBXBuildFile; fileRef = EB68F2332E1C6120008A83B0 /* lstm_core_model.mlpackage */; };
		EBBF629B2E1C949C00953D0E /* Accelerate.framework in Frameworks */ = {isa = PBXBuildFile; fileRef = EBBF629A2E1C949C00953D0E /* Accelerate.framework */; };
/* End PBXBuildFile section */

/* Begin PBXContainerItemProxy section */
		EB68F20A2E161FDA008A83B0 /* PBXContainerItemProxy */ = {
			isa = PBXContainerItemProxy;
			containerPortal = EB68F1E82E161F88008A83B0 /* Project object */;
			proxyType = 1;
			remoteGlobalIDString = EB68F2012E161FDA008A83B0;
			remoteInfo = "RepAIWatch Watch App";
		};
/* End PBXContainerItemProxy section */

/* Begin PBXCopyFilesBuildPhase section */
		EB68F2102E161FDA008A83B0 /* Embed Watch Content */ = {
			isa = PBXCopyFilesBuildPhase;
			buildActionMask = 2147483647;
			dstPath = "$(CONTENTS_FOLDER_PATH)/Watch";
			dstSubfolderSpec = 16;
			files = (
				EB68F20C2E161FDA008A83B0 /* RepAIWatch Watch App.app in Embed Watch Content */,
			);
			name = "Embed Watch Content";
			runOnlyForDeploymentPostprocessing = 0;
		};
/* End PBXCopyFilesBuildPhase section */

/* Begin PBXFileReference section */
		EB68F1F02E161F88008A83B0 /* RepAI.app */ = {isa = PBXFileReference; explicitFileType = wrapper.application; includeInIndex = 0; path = RepAI.app; sourceTree = BUILT_PRODUCTS_DIR; };
		EB68F2022E161FDA008A83B0 /* RepAIWatch Watch App.app */ = {isa = PBXFileReference; explicitFileType = wrapper.application; includeInIndex = 0; path = "RepAIWatch Watch App.app"; sourceTree = BUILT_PRODUCTS_DIR; };
		EB68F21A2E162503008A83B0 /* SharedSessionManager.swift */ = {isa = PBXFileReference; lastKnownFileType = sourcecode.swift; path = SharedSessionManager.swift; sourceTree = "<group>"; };
		EB68F2312E1C610C008A83B0 /* convnet_model.mlpackage */ = {isa = PBXFileReference; lastKnownFileType = folder.mlpackage; path = convnet_model.mlpackage; sourceTree = "<group>"; };
		EB68F2332E1C6120008A83B0 /* lstm_core_model.mlpackage */ = {isa = PBXFileReference; lastKnownFileType = folder.mlpackage; path = lstm_core_model.mlpackage; sourceTree = "<group>"; };
		EBBF629A2E1C949C00953D0E /* Accelerate.framework */ = {isa = PBXFileReference; lastKnownFileType = wrapper.framework; name = Accelerate.framework; path = System/Library/Frameworks/Accelerate.framework; sourceTree = SDKROOT; };
/* End PBXFileReference section */

/* Begin PBXFileSystemSynchronizedBuildFileExceptionSet section */
		EB78A0252E21BD4300F1A9CC /* Exceptions for "RepAI" folder in "RepAI" target */ = {
			isa = PBXFileSystemSynchronizedBuildFileExceptionSet;
			membershipExceptions = (
				Info.plist,
			);
			target = EB68F1EF2E161F88008A83B0 /* RepAI */;
		};
/* End PBXFileSystemSynchronizedBuildFileExceptionSet section */

/* Begin PBXFileSystemSynchronizedRootGroup section */
		EB68F1F22E161F88008A83B0 /* RepAI */ = {
			isa = PBXFileSystemSynchronizedRootGroup;
			exceptions = (
				EB78A0252E21BD4300F1A9CC /* Exceptions for "RepAI" folder in "RepAI" target */,
			);
			path = RepAI;
			sourceTree = "<group>";
		};
		EB68F2032E161FDA008A83B0 /* RepAIWatch Watch App */ = {
			isa = PBXFileSystemSynchronizedRootGroup;
			path = "RepAIWatch Watch App";
			sourceTree = "<group>";
		};
/* End PBXFileSystemSynchronizedRootGroup section */

/* Begin PBXFrameworksBuildPhase section */
		EB68F1ED2E161F88008A83B0 /* Frameworks */ = {
			isa = PBXFrameworksBuildPhase;
			buildActionMask = 2147483647;
			files = (
				EBBF629B2E1C949C00953D0E /* Accelerate.framework in Frameworks */,
			);
			runOnlyForDeploymentPostprocessing = 0;
		};
		EB68F1FF2E161FDA008A83B0 /* Frameworks */ = {
			isa = PBXFrameworksBuildPhase;
			buildActionMask = 2147483647;
			files = (
			);
			runOnlyForDeploymentPostprocessing = 0;
		};
/* End PBXFrameworksBuildPhase section */

/* Begin PBXGroup section */
		EB68F1E72E161F88008A83B0 = {
			isa = PBXGroup;
			children = (
				EB68F21A2E162503008A83B0 /* SharedSessionManager.swift */,
				EB68F1F22E161F88008A83B0 /* RepAI */,
				EB68F2032E161FDA008A83B0 /* RepAIWatch Watch App */,
				EB68F1F12E161F88008A83B0 /* Products */,
				EB68F2312E1C610C008A83B0 /* convnet_model.mlpackage */,
				EB68F2332E1C6120008A83B0 /* lstm_core_model.mlpackage */,
				EBBF62992E1C949C00953D0E /* Frameworks */,
			);
			sourceTree = "<group>";
		};
		EB68F1F12E161F88008A83B0 /* Products */ = {
			isa = PBXGroup;
			children = (
				EB68F1F02E161F88008A83B0 /* RepAI.app */,
				EB68F2022E161FDA008A83B0 /* RepAIWatch Watch App.app */,
			);
			name = Products;
			sourceTree = "<group>";
		};
		EBBF62992E1C949C00953D0E /* Frameworks */ = {
			isa = PBXGroup;
			children = (
				EBBF629A2E1C949C00953D0E /* Accelerate.framework */,
			);
			name = Frameworks;
			sourceTree = "<group>";
		};
/* End PBXGroup section */

/* Begin PBXNativeTarget section */
		EB68F1EF2E161F88008A83B0 /* RepAI */ = {
			isa = PBXNativeTarget;
			buildConfigurationList = EB68F1FB2E161F89008A83B0 /* Build configuration list for PBXNativeTarget "RepAI" */;
			buildPhases = (
				EB68F1EC2E161F88008A83B0 /* Sources */,
				EB68F1ED2E161F88008A83B0 /* Frameworks */,
				EB68F1EE2E161F88008A83B0 /* Resources */,
				EB68F2102E161FDA008A83B0 /* Embed Watch Content */,
			);
			buildRules = (
			);
			dependencies = (
				EB68F20B2E161FDA008A83B0 /* PBXTargetDependency */,
			);
			fileSystemSynchronizedGroups = (
				EB68F1F22E161F88008A83B0 /* RepAI */,
			);
			name = RepAI;
			packageProductDependencies = (
			);
			productName = RepAI;
			productReference = EB68F1F02E161F88008A83B0 /* RepAI.app */;
			productType = "com.apple.product-type.application";
		};
		EB68F2012E161FDA008A83B0 /* RepAIWatch Watch App */ = {
			isa = PBXNativeTarget;
			buildConfigurationList = EB68F20D2E161FDA008A83B0 /* Build configuration list for PBXNativeTarget "RepAIWatch Watch App" */;
			buildPhases = (
				EB68F1FE2E161FDA008A83B0 /* Sources */,
				EB68F1FF2E161FDA008A83B0 /* Frameworks */,
				EB68F2002E161FDA008A83B0 /* Resources */,
			);
			buildRules = (
			);
			dependencies = (
			);
			fileSystemSynchronizedGroups = (
				EB68F2032E161FDA008A83B0 /* RepAIWatch Watch App */,
			);
			name = "RepAIWatch Watch App";
			packageProductDependencies = (
			);
			productName = "RepAIWatch Watch App";
			productReference = EB68F2022E161FDA008A83B0 /* RepAIWatch Watch App.app */;
			productType = "com.apple.product-type.application";
		};
/* End PBXNativeTarget section */

/* Begin PBXProject section */
		EB68F1E82E161F88008A83B0 /* Project object */ = {
			isa = PBXProject;
			attributes = {
				BuildIndependentTargetsInParallel = 1;
				LastSwiftUpdateCheck = 1630;
				LastUpgradeCheck = 1630;
				TargetAttributes = {
					EB68F1EF2E161F88008A83B0 = {
						CreatedOnToolsVersion = 16.3;
					};
					EB68F2012E161FDA008A83B0 = {
						CreatedOnToolsVersion = 16.3;
					};
				};
			};
			buildConfigurationList = EB68F1EB2E161F88008A83B0 /* Build configuration list for PBXProject "RepAI" */;
			developmentRegion = en;
			hasScannedForEncodings = 0;
			knownRegions = (
				en,
				Base,
			);
			mainGroup = EB68F1E72E161F88008A83B0;
			minimizedProjectReferenceProxies = 1;
			preferredProjectObjectVersion = 77;
			productRefGroup = EB68F1F12E161F88008A83B0 /* Products */;
			projectDirPath = "";
			projectRoot = "";
			targets = (
				EB68F1EF2E161F88008A83B0 /* RepAI */,
				EB68F2012E161FDA008A83B0 /* RepAIWatch Watch App */,
			);
		};
/* End PBXProject section */

/* Begin PBXResourcesBuildPhase section */
		EB68F1EE2E161F88008A83B0 /* Resources */ = {
			isa = PBXResourcesBuildPhase;
			buildActionMask = 2147483647;
			files = (
			);
			runOnlyForDeploymentPostprocessing = 0;
		};
		EB68F2002E161FDA008A83B0 /* Resources */ = {
			isa = PBXResourcesBuildPhase;
			buildActionMask = 2147483647;
			files = (
			);
			runOnlyForDeploymentPostprocessing = 0;
		};
/* End PBXResourcesBuildPhase section */

/* Begin PBXSourcesBuildPhase section */
		EB68F1EC2E161F88008A83B0 /* Sources */ = {
			isa = PBXSourcesBuildPhase;
			buildActionMask = 2147483647;
			files = (
				EB68F21B2E162503008A83B0 /* SharedSessionManager.swift in Sources */,
				EB68F2342E1C6120008A83B0 /* lstm_core_model.mlpackage in Sources */,
				EB68F2322E1C610C008A83B0 /* convnet_model.mlpackage in Sources */,
			);
			runOnlyForDeploymentPostprocessing = 0;
		};
		EB68F1FE2E161FDA008A83B0 /* Sources */ = {
			isa = PBXSourcesBuildPhase;
			buildActionMask = 2147483647;
			files = (
				EB68F21C2E162503008A83B0 /* SharedSessionManager.swift in Sources */,
			);
			runOnlyForDeploymentPostprocessing = 0;
		};
/* End PBXSourcesBuildPhase section */

/* Begin PBXTargetDependency section */
		EB68F20B2E161FDA008A83B0 /* PBXTargetDependency */ = {
			isa = PBXTargetDependency;
			target = EB68F2012E161FDA008A83B0 /* RepAIWatch Watch App */;
			targetProxy = EB68F20A2E161FDA008A83B0 /* PBXContainerItemProxy */;
		};
/* End PBXTargetDependency section */

/* Begin XCBuildConfiguration section */
		EB68F1F92E161F89008A83B0 /* Debug */ = {
			isa = XCBuildConfiguration;
			buildSettings = {
				ALWAYS_SEARCH_USER_PATHS = NO;
				ASSETCATALOG_COMPILER_GENERATE_SWIFT_ASSET_SYMBOL_EXTENSIONS = YES;
				CLANG_ANALYZER_NONNULL = YES;
				CLANG_ANALYZER_NUMBER_OBJECT_CONVERSION = YES_AGGRESSIVE;
				CLANG_CXX_LANGUAGE_STANDARD = "gnu++20";
				CLANG_ENABLE_MODULES = YES;
				CLANG_ENABLE_OBJC_ARC = YES;
				CLANG_ENABLE_OBJC_WEAK = YES;
				CLANG_WARN_BLOCK_CAPTURE_AUTORELEASING = YES;
				CLANG_WARN_BOOL_CONVERSION = YES;
				CLANG_WARN_COMMA = YES;
				CLANG_WARN_CONSTANT_CONVERSION = YES;
				CLANG_WARN_DEPRECATED_OBJC_IMPLEMENTATIONS = YES;
				CLANG_WARN_DIRECT_OBJC_ISA_USAGE = YES_ERROR;
				CLANG_WARN_DOCUMENTATION_COMMENTS = YES;
				CLANG_WARN_EMPTY_BODY = YES;
				CLANG_WARN_ENUM_CONVERSION = YES;
				CLANG_WARN_INFINITE_RECURSION = YES;
				CLANG_WARN_INT_CONVERSION = YES;
				CLANG_WARN_NON_LITERAL_NULL_CONVERSION = YES;
				CLANG_WARN_OBJC_IMPLICIT_RETAIN_SELF = YES;
				CLANG_WARN_OBJC_LITERAL_CONVERSION = YES;
				CLANG_WARN_OBJC_ROOT_CLASS = YES_ERROR;
				CLANG_WARN_QUOTED_INCLUDE_IN_FRAMEWORK_HEADER = YES;
				CLANG_WARN_RANGE_LOOP_ANALYSIS = YES;
				CLANG_WARN_STRICT_PROTOTYPES = YES;
				CLANG_WARN_SUSPICIOUS_MOVE = YES;
				CLANG_WARN_UNGUARDED_AVAILABILITY = YES_AGGRESSIVE;
				CLANG_WARN_UNREACHABLE_CODE = YES;
				CLANG_WARN__DUPLICATE_METHOD_MATCH = YES;
				COPY_PHASE_STRIP = NO;
				DEBUG_INFORMATION_FORMAT = dwarf;
				ENABLE_STRICT_OBJC_MSGSEND = YES;
				ENABLE_TESTABILITY = YES;
				ENABLE_USER_SCRIPT_SANDBOXING = YES;
				GCC_C_LANGUAGE_STANDARD = gnu17;
				GCC_DYNAMIC_NO_PIC = NO;
				GCC_NO_COMMON_BLOCKS = YES;
				GCC_OPTIMIZATION_LEVEL = 0;
				GCC_PREPROCESSOR_DEFINITIONS = (
					"DEBUG=1",
					"$(inherited)",
				);
				GCC_WARN_64_TO_32_BIT_CONVERSION = YES;
				GCC_WARN_ABOUT_RETURN_TYPE = YES_ERROR;
				GCC_WARN_UNDECLARED_SELECTOR = YES;
				GCC_WARN_UNINITIALIZED_AUTOS = YES_AGGRESSIVE;
				GCC_WARN_UNUSED_FUNCTION = YES;
				GCC_WARN_UNUSED_VARIABLE = YES;
				GENERATE_INFOPLIST_FILE = YES;
				IPHONEOS_DEPLOYMENT_TARGET = 18.4;
				LOCALIZATION_PREFERS_STRING_CATALOGS = YES;
				MTL_ENABLE_DEBUG_INFO = INCLUDE_SOURCE;
				MTL_FAST_MATH = YES;
				ONLY_ACTIVE_ARCH = YES;
				SDKROOT = iphoneos;
				SWIFT_ACTIVE_COMPILATION_CONDITIONS = "DEBUG $(inherited)";
				SWIFT_OPTIMIZATION_LEVEL = "-Onone";
			};
			name = Debug;
		};
		EB68F1FA2E161F89008A83B0 /* Release */ = {
			isa = XCBuildConfiguration;
			buildSettings = {
				ALWAYS_SEARCH_USER_PATHS = NO;
				ASSETCATALOG_COMPILER_GENERATE_SWIFT_ASSET_SYMBOL_EXTENSIONS = YES;
				CLANG_ANALYZER_NONNULL = YES;
				CLANG_ANALYZER_NUMBER_OBJECT_CONVERSION = YES_AGGRESSIVE;
				CLANG_CXX_LANGUAGE_STANDARD = "gnu++20";
				CLANG_ENABLE_MODULES = YES;
				CLANG_ENABLE_OBJC_ARC = YES;
				CLANG_ENABLE_OBJC_WEAK = YES;
				CLANG_WARN_BLOCK_CAPTURE_AUTORELEASING = YES;
				CLANG_WARN_BOOL_CONVERSION = YES;
				CLANG_WARN_COMMA = YES;
				CLANG_WARN_CONSTANT_CONVERSION = YES;
				CLANG_WARN_DEPRECATED_OBJC_IMPLEMENTATIONS = YES;
				CLANG_WARN_DIRECT_OBJC_ISA_USAGE = YES_ERROR;
				CLANG_WARN_DOCUMENTATION_COMMENTS = YES;
				CLANG_WARN_EMPTY_BODY = YES;
				CLANG_WARN_ENUM_CONVERSION = YES;
				CLANG_WARN_INFINITE_RECURSION = YES;
				CLANG_WARN_INT_CONVERSION = YES;
				CLANG_WARN_NON_LITERAL_NULL_CONVERSION = YES;
				CLANG_WARN_OBJC_IMPLICIT_RETAIN_SELF = YES;
				CLANG_WARN_OBJC_LITERAL_CONVERSION = YES;
				CLANG_WARN_OBJC_ROOT_CLASS = YES_ERROR;
				CLANG_WARN_QUOTED_INCLUDE_IN_FRAMEWORK_HEADER = YES;
				CLANG_WARN_RANGE_LOOP_ANALYSIS = YES;
				CLANG_WARN_STRICT_PROTOTYPES = YES;
				CLANG_WARN_SUSPICIOUS_MOVE = YES;
				CLANG_WARN_UNGUARDED_AVAILABILITY = YES_AGGRESSIVE;
				CLANG_WARN_UNREACHABLE_CODE = YES;
				CLANG_WARN__DUPLICATE_METHOD_MATCH = YES;
				COPY_PHASE_STRIP = NO;
				DEBUG_INFORMATION_FORMAT = "dwarf-with-dsym";
				ENABLE_NS_ASSERTIONS = NO;
				ENABLE_STRICT_OBJC_MSGSEND = YES;
				ENABLE_USER_SCRIPT_SANDBOXING = YES;
				GCC_C_LANGUAGE_STANDARD = gnu17;
				GCC_NO_COMMON_BLOCKS = YES;
				GCC_WARN_64_TO_32_BIT_CONVERSION = YES;
				GCC_WARN_ABOUT_RETURN_TYPE = YES_ERROR;
				GCC_WARN_UNDECLARED_SELECTOR = YES;
				GCC_WARN_UNINITIALIZED_AUTOS = YES_AGGRESSIVE;
				GCC_WARN_UNUSED_FUNCTION = YES;
				GCC_WARN_UNUSED_VARIABLE = YES;
				GENERATE_INFOPLIST_FILE = YES;
				IPHONEOS_DEPLOYMENT_TARGET = 18.4;
				LOCALIZATION_PREFERS_STRING_CATALOGS = YES;
				MTL_ENABLE_DEBUG_INFO = NO;
				MTL_FAST_MATH = YES;
				SDKROOT = iphoneos;
				SWIFT_COMPILATION_MODE = wholemodule;
				VALIDATE_PRODUCT = YES;
			};
			name = Release;
		};
		EB68F1FC2E161F89008A83B0 /* Debug */ = {
			isa = XCBuildConfiguration;
			buildSettings = {
				ASSETCATALOG_COMPILER_APPICON_NAME = AppIcon;
				ASSETCATALOG_COMPILER_GLOBAL_ACCENT_COLOR_NAME = AccentColor;
				CODE_SIGN_STYLE = Automatic;
				CURRENT_PROJECT_VERSION = 1;
				DEVELOPMENT_TEAM = S88NGYYY5X;
				ENABLE_PREVIEWS = YES;
				GENERATE_INFOPLIST_FILE = YES;
				INFOPLIST_FILE = RepAI/Info.plist;
				INFOPLIST_KEY_UIApplicationSceneManifest_Generation = YES;
				INFOPLIST_KEY_UIApplicationSupportsIndirectInputEvents = YES;
				INFOPLIST_KEY_UILaunchScreen_Generation = YES;
				INFOPLIST_KEY_UISupportedInterfaceOrientations_iPad = "UIInterfaceOrientationPortrait UIInterfaceOrientationPortraitUpsideDown UIInterfaceOrientationLandscapeLeft UIInterfaceOrientationLandscapeRight";
				INFOPLIST_KEY_UISupportedInterfaceOrientations_iPhone = "UIInterfaceOrientationPortrait UIInterfaceOrientationLandscapeLeft UIInterfaceOrientationLandscapeRight";
				LD_RUNPATH_SEARCH_PATHS = (
					"$(inherited)",
					"@executable_path/Frameworks",
				);
				MARKETING_VERSION = 1.0;
				PRODUCT_BUNDLE_IDENTIFIER = gk.RepAI;
				PRODUCT_NAME = "$(TARGET_NAME)";
				SWIFT_EMIT_LOC_STRINGS = YES;
				SWIFT_VERSION = 5.0;
				TARGETED_DEVICE_FAMILY = "1,2";
			};
			name = Debug;
		};
		EB68F1FD2E161F89008A83B0 /* Release */ = {
			isa = XCBuildConfiguration;
			buildSettings = {
				ASSETCATALOG_COMPILER_APPICON_NAME = AppIcon;
				ASSETCATALOG_COMPILER_GLOBAL_ACCENT_COLOR_NAME = AccentColor;
				CODE_SIGN_STYLE = Automatic;
				CURRENT_PROJECT_VERSION = 1;
				DEVELOPMENT_TEAM = S88NGYYY5X;
				ENABLE_PREVIEWS = YES;
				GENERATE_INFOPLIST_FILE = YES;
				INFOPLIST_FILE = RepAI/Info.plist;
				INFOPLIST_KEY_UIApplicationSceneManifest_Generation = YES;
				INFOPLIST_KEY_UIApplicationSupportsIndirectInputEvents = YES;
				INFOPLIST_KEY_UILaunchScreen_Generation = YES;
				INFOPLIST_KEY_UISupportedInterfaceOrientations_iPad = "UIInterfaceOrientationPortrait UIInterfaceOrientationPortraitUpsideDown UIInterfaceOrientationLandscapeLeft UIInterfaceOrientationLandscapeRight";
				INFOPLIST_KEY_UISupportedInterfaceOrientations_iPhone = "UIInterfaceOrientationPortrait UIInterfaceOrientationLandscapeLeft UIInterfaceOrientationLandscapeRight";
				LD_RUNPATH_SEARCH_PATHS = (
					"$(inherited)",
					"@executable_path/Frameworks",
				);
				MARKETING_VERSION = 1.0;
				PRODUCT_BUNDLE_IDENTIFIER = gk.RepAI;
				PRODUCT_NAME = "$(TARGET_NAME)";
				SWIFT_EMIT_LOC_STRINGS = YES;
				SWIFT_VERSION = 5.0;
				TARGETED_DEVICE_FAMILY = "1,2";
			};
			name = Release;
		};
		EB68F20E2E161FDA008A83B0 /* Debug */ = {
			isa = XCBuildConfiguration;
			buildSettings = {
				ASSETCATALOG_COMPILER_APPICON_NAME = AppIcon;
				ASSETCATALOG_COMPILER_GLOBAL_ACCENT_COLOR_NAME = AccentColor;
				CODE_SIGN_STYLE = Automatic;
				CURRENT_PROJECT_VERSION = 1;
				DEVELOPMENT_TEAM = S88NGYYY5X;
				ENABLE_PREVIEWS = YES;
				GENERATE_INFOPLIST_FILE = YES;
				INFOPLIST_KEY_CFBundleDisplayName = RepAIWatch;
				INFOPLIST_KEY_UIRequiredDeviceCapabilities = gyroscope;
				INFOPLIST_KEY_UISupportedInterfaceOrientations = "UIInterfaceOrientationPortrait UIInterfaceOrientationPortraitUpsideDown";
				INFOPLIST_KEY_WKCompanionAppBundleIdentifier = gk.RepAI;
				LD_RUNPATH_SEARCH_PATHS = (
					"$(inherited)",
					"@executable_path/Frameworks",
				);
				MARKETING_VERSION = 1.0;
				PRODUCT_BUNDLE_IDENTIFIER = gk.RepAI.watchkitapp;
				PRODUCT_NAME = "$(TARGET_NAME)";
				SDKROOT = watchos;
				SKIP_INSTALL = YES;
				SWIFT_EMIT_LOC_STRINGS = YES;
				SWIFT_VERSION = 5.0;
				TARGETED_DEVICE_FAMILY = 4;
				WATCHOS_DEPLOYMENT_TARGET = 11.4;
			};
			name = Debug;
		};
		EB68F20F2E161FDA008A83B0 /* Release */ = {
			isa = XCBuildConfiguration;
			buildSettings = {
				ASSETCATALOG_COMPILER_APPICON_NAME = AppIcon;
				ASSETCATALOG_COMPILER_GLOBAL_ACCENT_COLOR_NAME = AccentColor;
				CODE_SIGN_STYLE = Automatic;
				CURRENT_PROJECT_VERSION = 1;
				DEVELOPMENT_TEAM = S88NGYYY5X;
				ENABLE_PREVIEWS = YES;
				GENERATE_INFOPLIST_FILE = YES;
				INFOPLIST_KEY_CFBundleDisplayName = RepAIWatch;
				INFOPLIST_KEY_UIRequiredDeviceCapabilities = gyroscope;
				INFOPLIST_KEY_UISupportedInterfaceOrientations = "UIInterfaceOrientationPortrait UIInterfaceOrientationPortraitUpsideDown";
				INFOPLIST_KEY_WKCompanionAppBundleIdentifier = gk.RepAI;
				LD_RUNPATH_SEARCH_PATHS = (
					"$(inherited)",
					"@executable_path/Frameworks",
				);
				MARKETING_VERSION = 1.0;
				PRODUCT_BUNDLE_IDENTIFIER = gk.RepAI.watchkitapp;
				PRODUCT_NAME = "$(TARGET_NAME)";
				SDKROOT = watchos;
				SKIP_INSTALL = YES;
				SWIFT_EMIT_LOC_STRINGS = YES;
				SWIFT_VERSION = 5.0;
				TARGETED_DEVICE_FAMILY = 4;
				WATCHOS_DEPLOYMENT_TARGET = 11.4;
			};
			name = Release;
		};
/* End XCBuildConfiguration section */

/* Begin XCConfigurationList section */
		EB68F1EB2E161F88008A83B0 /* Build configuration list for PBXProject "RepAI" */ = {
			isa = XCConfigurationList;
			buildConfigurations = (
				EB68F1F92E161F89008A83B0 /* Debug */,
				EB68F1FA2E161F89008A83B0 /* Release */,
			);
			defaultConfigurationIsVisible = 0;
			defaultConfigurationName = Release;
		};
		EB68F1FB2E161F89008A83B0 /* Build configuration list for PBXNativeTarget "RepAI" */ = {
			isa = XCConfigurationList;
			buildConfigurations = (
				EB68F1FC2E161F89008A83B0 /* Debug */,
				EB68F1FD2E161F89008A83B0 /* Release */,
			);
			defaultConfigurationIsVisible = 0;
			defaultConfigurationName = Release;
		};
		EB68F20D2E161FDA008A83B0 /* Build configuration list for PBXNativeTarget "RepAIWatch Watch App" */ = {
			isa = XCConfigurationList;
			buildConfigurations = (
				EB68F20E2E161FDA008A83B0 /* Debug */,
				EB68F20F2E161FDA008A83B0 /* Release */,
			);
			defaultConfigurationIsVisible = 0;
			defaultConfigurationName = Release;
		};
/* End XCConfigurationList section */
	};
	rootObject = EB68F1E82E161F88008A83B0 /* Project object */;
}
